Microsoft Visual Studio Solution File, Format Version 12.00
# Visual Studio 15
VisualStudioVersion = 15.0.27130.2010
MinimumVisualStudioVersion = 15.0.26124.0
Project("{2150E333-8FDC-42A3-9474-1A3956D46DE8}") = "src", "src", "{B9F816CB-5119-4413-A8C4-D3082A303B80}"
EndProject
Project("{9A19103F-16F7-4668-BE54-9A1E7A4F7556}") = "ConstructionStore.Domain", "src\ConstructionStore.Domain\ConstructionStore.Domain.csproj", "{E8E2F523-3451-45B0-8EC1-3B634C2A9192}"
EndProject
Project("{9A19103F-16F7-4668-BE54-9A1E7A4F7556}") = "ConstructionStore.Web", "src\ConstructionStore.Web\ConstructionStore.Web.csproj", "{1B3A3F25-9FEE-4A09-B679-3EB46DE7259A}"
	ProjectSection(ProjectDependencies) = postProject
		{E8E2F523-3451-45B0-8EC1-3B634C2A9192} = {E8E2F523-3451-45B0-8EC1-3B634C2A9192}
	EndProjectSection
EndProject
Global
	GlobalSection(SolutionConfigurationPlatforms) = preSolution
		Debug|Any CPU = Debug|Any CPU
		Debug|x64 = Debug|x64
		Debug|x86 = Debug|x86
		Release|Any CPU = Release|Any CPU
		Release|x64 = Release|x64
		Release|x86 = Release|x86
	EndGlobalSection
	GlobalSection(ProjectConfigurationPlatforms) = postSolution
		{E8E2F523-3451-45B0-8EC1-3B634C2A9192}.Debug|Any CPU.ActiveCfg = Debug|Any CPU
		{E8E2F523-3451-45B0-8EC1-3B634C2A9192}.Debug|Any CPU.Build.0 = Debug|Any CPU
		{E8E2F523-3451-45B0-8EC1-3B634C2A9192}.Debug|x64.ActiveCfg = Debug|Any CPU
		{E8E2F523-3451-45B0-8EC1-3B634C2A9192}.Debug|x64.Build.0 = Debug|Any CPU
		{E8E2F523-3451-45B0-8EC1-3B634C2A9192}.Debug|x86.ActiveCfg = Debug|Any CPU
		{E8E2F523-3451-45B0-8EC1-3B634C2A9192}.Debug|x86.Build.0 = Debug|Any CPU
		{E8E2F523-3451-45B0-8EC1-3B634C2A9192}.Release|Any CPU.ActiveCfg = Release|Any CPU
		{E8E2F523-3451-45B0-8EC1-3B634C2A9192}.Release|Any CPU.Build.0 = Release|Any CPU
		{E8E2F523-3451-45B0-8EC1-3B634C2A9192}.Release|x64.ActiveCfg = Release|Any CPU
		{E8E2F523-3451-45B0-8EC1-3B634C2A9192}.Release|x64.Build.0 = Release|Any CPU
		{E8E2F523-3451-45B0-8EC1-3B634C2A9192}.Release|x86.ActiveCfg = Release|Any CPU
		{E8E2F523-3451-45B0-8EC1-3B634C2A9192}.Release|x86.Build.0 = Release|Any CPU
		{1B3A3F25-9FEE-4A09-B679-3EB46DE7259A}.Debug|Any CPU.ActiveCfg = Debug|Any CPU
		{1B3A3F25-9FEE-4A09-B679-3EB46DE7259A}.Debug|Any CPU.Build.0 = Debug|Any CPU
		{1B3A3F25-9FEE-4A09-B679-3EB46DE7259A}.Debug|x64.ActiveCfg = Debug|Any CPU
		{1B3A3F25-9FEE-4A09-B679-3EB46DE7259A}.Debug|x64.Build.0 = Debug|Any CPU
		{1B3A3F25-9FEE-4A09-B679-3EB46DE7259A}.Debug|x86.ActiveCfg = Debug|Any CPU
		{1B3A3F25-9FEE-4A09-B679-3EB46DE7259A}.Debug|x86.Build.0 = Debug|Any CPU
		{1B3A3F25-9FEE-4A09-B679-3EB46DE7259A}.Release|Any CPU.ActiveCfg = Release|Any CPU
		{1B3A3F25-9FEE-4A09-B679-3EB46DE7259A}.Release|Any CPU.Build.0 = Release|Any CPU
		{1B3A3F25-9FEE-4A09-B679-3EB46DE7259A}.Release|x64.ActiveCfg = Release|Any CPU
		{1B3A3F25-9FEE-4A09-B679-3EB46DE7259A}.Release|x64.Build.0 = Release|Any CPU
		{1B3A3F25-9FEE-4A09-B679-3EB46DE7259A}.Release|x86.ActiveCfg = Release|Any CPU
		{1B3A3F25-9FEE-4A09-B679-3EB46DE7259A}.Release|x86.Build.0 = Release|Any CPU
	EndGlobalSection
	GlobalSection(SolutionProperties) = preSolution
		HideSolutionNode = FALSE
	EndGlobalSection
	GlobalSection(NestedProjects) = preSolution
		{E8E2F523-3451-45B0-8EC1-3B634C2A9192} = {B9F816CB-5119-4413-A8C4-D3082A303B80}
		{1B3A3F25-9FEE-4A09-B679-3EB46DE7259A} = {B9F816CB-5119-4413-A8C4-D3082A303B80}
	EndGlobalSection
	GlobalSection(ExtensibilityGlobals) = postSolution
		SolutionGuid = {8D20FF95-2C61-4739-8746-7D4189F27735}
	EndGlobalSection
EndGlobal
