
Microsoft Visual Studio Solution File, Format Version 12.00
# Visual Studio 15
VisualStudioVersion = 15.0.26730.16
MinimumVisualStudioVersion = 10.0.40219.1
Project("{FAE04EC0-301F-11D3-BF4B-00C04F79EFBC}") = "Exemplo_Acoes_Botoes", "Exemplo_Acoes_Botoes\Exemplo_Acoes_Botoes.csproj", "{07BAD1B9-C49A-440E-BC78-C2EDB48D2BE7}"
EndProject
Global
	GlobalSection(SolutionConfigurationPlatforms) = preSolution
		Debug|Any CPU = Debug|Any CPU
		Release|Any CPU = Release|Any CPU
	EndGlobalSection
	GlobalSection(ProjectConfigurationPlatforms) = postSolution
		{07BAD1B9-C49A-440E-BC78-C2EDB48D2BE7}.Debug|Any CPU.ActiveCfg = Debug|Any CPU
		{07BAD1B9-C49A-440E-BC78-C2EDB48D2BE7}.Debug|Any CPU.Build.0 = Debug|Any CPU
		{07BAD1B9-C49A-440E-BC78-C2EDB48D2BE7}.Release|Any CPU.ActiveCfg = Release|Any CPU
		{07BAD1B9-C49A-440E-BC78-C2EDB48D2BE7}.Release|Any CPU.Build.0 = Release|Any CPU
	EndGlobalSection
	GlobalSection(SolutionProperties) = preSolution
		HideSolutionNode = FALSE
	EndGlobalSection
	GlobalSection(ExtensibilityGlobals) = postSolution
		SolutionGuid = {C218DECA-DB4A-492F-87F8-3423E5A06EDC}
	EndGlobalSection
EndGlobal
