
Microsoft Visual Studio Solution File, Format Version 12.00
# Visual Studio Version 16
VisualStudioVersion = 16.0.31129.286
MinimumVisualStudioVersion = 10.0.40219.1
Project("{8BC9CEB8-8B4A-11D0-8D11-00A0C91BC942}") = "create-3d-and-2d-graphics-with-cpp", "create-3d-and-2d-graphics-with-cpp\create-3d-and-2d-graphics-with-cpp.vcxproj", "{9EA71869-0D9C-4492-B615-F88B486DDED3}"
EndProject
Global
	GlobalSection(SolutionConfigurationPlatforms) = preSolution
		Debug|x64 = Debug|x64
		Debug|x86 = Debug|x86
		Release|x64 = Release|x64
		Release|x86 = Release|x86
	EndGlobalSection
	GlobalSection(ProjectConfigurationPlatforms) = postSolution
		{9EA71869-0D9C-4492-B615-F88B486DDED3}.Debug|x64.ActiveCfg = Debug|x64
		{9EA71869-0D9C-4492-B615-F88B486DDED3}.Debug|x64.Build.0 = Debug|x64
		{9EA71869-0D9C-4492-B615-F88B486DDED3}.Debug|x86.ActiveCfg = Debug|Win32
		{9EA71869-0D9C-4492-B615-F88B486DDED3}.Debug|x86.Build.0 = Debug|Win32
		{9EA71869-0D9C-4492-B615-F88B486DDED3}.Release|x64.ActiveCfg = Release|x64
		{9EA71869-0D9C-4492-B615-F88B486DDED3}.Release|x64.Build.0 = Release|x64
		{9EA71869-0D9C-4492-B615-F88B486DDED3}.Release|x86.ActiveCfg = Release|Win32
		{9EA71869-0D9C-4492-B615-F88B486DDED3}.Release|x86.Build.0 = Release|Win32
	EndGlobalSection
	GlobalSection(SolutionProperties) = preSolution
		HideSolutionNode = FALSE
	EndGlobalSection
	GlobalSection(ExtensibilityGlobals) = postSolution
		SolutionGuid = {FE3E25CD-B580-4C73-8844-DD3E3DFE8AE7}
	EndGlobalSection
EndGlobal
