
Microsoft Visual Studio Solution File, Format Version 12.00
# Visual Studio 2017
Project("{FAE04EC0-301F-11D3-BF4B-00C04F79EFBC}") = "Example_Observer_Pattern_Unity", "Example_Observer_Pattern_Unity.csproj", "{1F7907B8-752F-6A0C-6FFA-074C71107301}"
EndProject
Global
	GlobalSection(SolutionConfigurationPlatforms) = preSolution
		Debug|Any CPU = Debug|Any CPU
		Release|Any CPU = Release|Any CPU
	EndGlobalSection
	GlobalSection(ProjectConfigurationPlatforms) = postSolution
		{1F7907B8-752F-6A0C-6FFA-074C71107301}.Debug|Any CPU.ActiveCfg = Debug|Any CPU
		{1F7907B8-752F-6A0C-6FFA-074C71107301}.Debug|Any CPU.Build.0 = Debug|Any CPU
		{1F7907B8-752F-6A0C-6FFA-074C71107301}.Release|Any CPU.ActiveCfg = Release|Any CPU
		{1F7907B8-752F-6A0C-6FFA-074C71107301}.Release|Any CPU.Build.0 = Release|Any CPU
	EndGlobalSection
	GlobalSection(SolutionProperties) = preSolution
		HideSolutionNode = FALSE
	EndGlobalSection
EndGlobal
